// !$*UTF8*$!
{
	archiveVersion = 1;
	classes = {
	};
	objectVersion = 46;
	objects = {

/* Begin PBXBuildFile section */
		16BA95420A7EB2EB001E4983 /* v002RuttEtraPlugIn.m in Sources */ = {isa = PBXBuildFile; fileRef = 16BA95410A7EB2EB001E4983 /* v002RuttEtraPlugIn.m */; };
		16BA96310A7EB9AC001E4983 /* Quartz.framework in Frameworks */ = {isa = PBXBuildFile; fileRef = 16BA96300A7EB9AC001E4983 /* Quartz.framework */; };
		1B24A0A3130B4BFA007DDD3B /* OpenGL.framework in Frameworks */ = {isa = PBXBuildFile; fileRef = 1B24A0A2130B4BFA007DDD3B /* OpenGL.framework */; };
		1B83D81B15B0FCF700390CFC /* v002FBO.m in Sources */ = {isa = PBXBuildFile; fileRef = 1B83D81515B0FCF700390CFC /* v002FBO.m */; };
		1B83D81C15B0FCF700390CFC /* v002MasterPluginInterface.m in Sources */ = {isa = PBXBuildFile; fileRef = 1B83D81715B0FCF700390CFC /* v002MasterPluginInterface.m */; };
		1B83D81D15B0FCF700390CFC /* v002Shader.m in Sources */ = {isa = PBXBuildFile; fileRef = 1B83D81915B0FCF700390CFC /* v002Shader.m */; };
		1B83D82015B22F9800390CFC /* icon.icns in Resources */ = {isa = PBXBuildFile; fileRef = 1B83D81215B0FCF700390CFC /* icon.icns */; };
		1B9B1BC0130B6136003F103F /* v002.RuttEtraMRT.frag in CopyFiles */ = {isa = PBXBuildFile; fileRef = 1B24A117130B552E007DDD3B /* v002.RuttEtraMRT.frag */; };
		1B9B1BC1130B6136003F103F /* v002.RuttEtraMRT.vert in CopyFiles */ = {isa = PBXBuildFile; fileRef = 1B24A119130B553A007DDD3B /* v002.RuttEtraMRT.vert */; };
		1BAEAC74130BB38B00004F32 /* v002.RuttEtraMRTHQNormals.frag in CopyFiles */ = {isa = PBXBuildFile; fileRef = 1BAEAC72130BB38000004F32 /* v002.RuttEtraMRTHQNormals.frag */; };
		1BAEAC75130BB38B00004F32 /* v002.RuttEtraMRTHQNormals.vert in CopyFiles */ = {isa = PBXBuildFile; fileRef = 1BAEAC73130BB38000004F32 /* v002.RuttEtraMRTHQNormals.vert */; };
		1BAEAC81130BB40200004F32 /* v002.RuttEtraMRTNormals.frag in CopyFiles */ = {isa = PBXBuildFile; fileRef = 1BAEAC7D130BB3E200004F32 /* v002.RuttEtraMRTNormals.frag */; };
		1BAEAC82130BB40200004F32 /* v002.RuttEtraMRTNormals.vert in CopyFiles */ = {isa = PBXBuildFile; fileRef = 1BAEAC7E130BB3E300004F32 /* v002.RuttEtraMRTNormals.vert */; };
		8D5B49B4048680CD000E48DA /* Cocoa.framework in Frameworks */ = {isa = PBXBuildFile; fileRef = 1058C7ADFEA557BF11CA2CBB /* Cocoa.framework */; };
/* End PBXBuildFile section */

/* Begin PBXCopyFilesBuildPhase section */
		1B9B1BC6130B613B003F103F /* CopyFiles */ = {
			isa = PBXCopyFilesBuildPhase;
			buildActionMask = 2147483647;
			dstPath = "";
			dstSubfolderSpec = 7;
			files = (
				1B9B1BC0130B6136003F103F /* v002.RuttEtraMRT.frag in CopyFiles */,
				1B9B1BC1130B6136003F103F /* v002.RuttEtraMRT.vert in CopyFiles */,
				1BAEAC81130BB40200004F32 /* v002.RuttEtraMRTNormals.frag in CopyFiles */,
				1BAEAC82130BB40200004F32 /* v002.RuttEtraMRTNormals.vert in CopyFiles */,
				1BAEAC74130BB38B00004F32 /* v002.RuttEtraMRTHQNormals.frag in CopyFiles */,
				1BAEAC75130BB38B00004F32 /* v002.RuttEtraMRTHQNormals.vert in CopyFiles */,
			);
			runOnlyForDeploymentPostprocessing = 0;
		};
/* End PBXCopyFilesBuildPhase section */

/* Begin PBXFileReference section */
		1058C7ADFEA557BF11CA2CBB /* Cocoa.framework */ = {isa = PBXFileReference; lastKnownFileType = wrapper.framework; name = Cocoa.framework; path = /System/Library/Frameworks/Cocoa.framework; sourceTree = "<absolute>"; };
		16AA5C440A7EEE7300888E31 /* v002 Rutt Etra_Prefix.pch */ = {isa = PBXFileReference; fileEncoding = 30; lastKnownFileType = sourcecode.c.h; path = "v002 Rutt Etra_Prefix.pch"; sourceTree = "<group>"; };
		16BA95400A7EB2EB001E4983 /* v002RuttEtraPlugIn.h */ = {isa = PBXFileReference; fileEncoding = 30; lastKnownFileType = sourcecode.c.h; path = v002RuttEtraPlugIn.h; sourceTree = "<group>"; };
		16BA95410A7EB2EB001E4983 /* v002RuttEtraPlugIn.m */ = {isa = PBXFileReference; fileEncoding = 30; lastKnownFileType = sourcecode.c.objc; path = v002RuttEtraPlugIn.m; sourceTree = "<group>"; };
		16BA96300A7EB9AC001E4983 /* Quartz.framework */ = {isa = PBXFileReference; lastKnownFileType = wrapper.framework; name = Quartz.framework; path = /System/Library/Frameworks/Quartz.framework; sourceTree = "<absolute>"; };
		1B24A0A2130B4BFA007DDD3B /* OpenGL.framework */ = {isa = PBXFileReference; lastKnownFileType = wrapper.framework; name = OpenGL.framework; path = System/Library/Frameworks/OpenGL.framework; sourceTree = SDKROOT; };
		1B24A117130B552E007DDD3B /* v002.RuttEtraMRT.frag */ = {isa = PBXFileReference; fileEncoding = 4; lastKnownFileType = sourcecode.glsl; path = v002.RuttEtraMRT.frag; sourceTree = "<group>"; };
		1B24A119130B553A007DDD3B /* v002.RuttEtraMRT.vert */ = {isa = PBXFileReference; fileEncoding = 4; lastKnownFileType = sourcecode.glsl; path = v002.RuttEtraMRT.vert; sourceTree = "<group>"; };
		1B83D81215B0FCF700390CFC /* icon.icns */ = {isa = PBXFileReference; lastKnownFileType = image.icns; path = icon.icns; sourceTree = "<group>"; };
		1B83D81315B0FCF700390CFC /* README.md */ = {isa = PBXFileReference; fileEncoding = 4; lastKnownFileType = text; path = README.md; sourceTree = "<group>"; };
		1B83D81415B0FCF700390CFC /* v002FBO.h */ = {isa = PBXFileReference; fileEncoding = 4; lastKnownFileType = sourcecode.c.h; path = v002FBO.h; sourceTree = "<group>"; };
		1B83D81515B0FCF700390CFC /* v002FBO.m */ = {isa = PBXFileReference; fileEncoding = 4; lastKnownFileType = sourcecode.c.objc; path = v002FBO.m; sourceTree = "<group>"; };
		1B83D81615B0FCF700390CFC /* v002MasterPluginInterface.h */ = {isa = PBXFileReference; fileEncoding = 4; lastKnownFileType = sourcecode.c.h; path = v002MasterPluginInterface.h; sourceTree = "<group>"; };
		1B83D81715B0FCF700390CFC /* v002MasterPluginInterface.m */ = {isa = PBXFileReference; fileEncoding = 4; lastKnownFileType = sourcecode.c.objc; path = v002MasterPluginInterface.m; sourceTree = "<group>"; };
		1B83D81815B0FCF700390CFC /* v002Shader.h */ = {isa = PBXFileReference; fileEncoding = 4; lastKnownFileType = sourcecode.c.h; path = v002Shader.h; sourceTree = "<group>"; };
		1B83D81915B0FCF700390CFC /* v002Shader.m */ = {isa = PBXFileReference; fileEncoding = 4; lastKnownFileType = sourcecode.c.objc; path = v002Shader.m; sourceTree = "<group>"; };
		1B83D81A15B0FCF700390CFC /* v002UniqueClassNames.h */ = {isa = PBXFileReference; fileEncoding = 4; lastKnownFileType = sourcecode.c.h; path = v002UniqueClassNames.h; sourceTree = "<group>"; };
		1BAEAC72130BB38000004F32 /* v002.RuttEtraMRTHQNormals.frag */ = {isa = PBXFileReference; fileEncoding = 4; lastKnownFileType = sourcecode.glsl; path = v002.RuttEtraMRTHQNormals.frag; sourceTree = "<group>"; };
		1BAEAC73130BB38000004F32 /* v002.RuttEtraMRTHQNormals.vert */ = {isa = PBXFileReference; fileEncoding = 4; lastKnownFileType = sourcecode.glsl; path = v002.RuttEtraMRTHQNormals.vert; sourceTree = "<group>"; };
		1BAEAC7D130BB3E200004F32 /* v002.RuttEtraMRTNormals.frag */ = {isa = PBXFileReference; fileEncoding = 4; lastKnownFileType = sourcecode.glsl; path = v002.RuttEtraMRTNormals.frag; sourceTree = "<group>"; };
		1BAEAC7E130BB3E300004F32 /* v002.RuttEtraMRTNormals.vert */ = {isa = PBXFileReference; fileEncoding = 4; lastKnownFileType = sourcecode.glsl; path = v002.RuttEtraMRTNormals.vert; sourceTree = "<group>"; };
		8D5B49B6048680CD000E48DA /* v002 Rutt Etra.plugin */ = {isa = PBXFileReference; explicitFileType = wrapper.cfbundle; includeInIndex = 0; path = "v002 Rutt Etra.plugin"; sourceTree = BUILT_PRODUCTS_DIR; };
		8D5B49B7048680CD000E48DA /* Info.plist */ = {isa = PBXFileReference; fileEncoding = 4; lastKnownFileType = text.plist.xml; path = Info.plist; sourceTree = "<group>"; };
/* End PBXFileReference section */

/* Begin PBXFrameworksBuildPhase section */
		8D5B49B3048680CD000E48DA /* Frameworks */ = {
			isa = PBXFrameworksBuildPhase;
			buildActionMask = 2147483647;
			files = (
				8D5B49B4048680CD000E48DA /* Cocoa.framework in Frameworks */,
				16BA96310A7EB9AC001E4983 /* Quartz.framework in Frameworks */,
				1B24A0A3130B4BFA007DDD3B /* OpenGL.framework in Frameworks */,
			);
			runOnlyForDeploymentPostprocessing = 0;
		};
/* End PBXFrameworksBuildPhase section */

/* Begin PBXGroup section */
		089C166AFE841209C02AAC07 /* Quartz Composer Plug In */ = {
			isa = PBXGroup;
			children = (
				08FB77AFFE84173DC02AAC07 /* Classes */,
				32C88E010371C26100C91783 /* Other Sources */,
				089C167CFE841241C02AAC07 /* Resources */,
				089C1671FE841209C02AAC07 /* Frameworks */,
				19C28FB8FE9D52D311CA2CBB /* Products */,
			);
			name = "Quartz Composer Plug In";
			sourceTree = "<group>";
		};
		089C1671FE841209C02AAC07 /* Frameworks */ = {
			isa = PBXGroup;
			children = (
				16BA96300A7EB9AC001E4983 /* Quartz.framework */,
				1058C7ADFEA557BF11CA2CBB /* Cocoa.framework */,
				1B24A0A2130B4BFA007DDD3B /* OpenGL.framework */,
			);
			name = Frameworks;
			sourceTree = "<group>";
		};
		089C167CFE841241C02AAC07 /* Resources */ = {
			isa = PBXGroup;
			children = (
				8D5B49B7048680CD000E48DA /* Info.plist */,
				1B24A117130B552E007DDD3B /* v002.RuttEtraMRT.frag */,
				1B24A119130B553A007DDD3B /* v002.RuttEtraMRT.vert */,
				1BAEAC7D130BB3E200004F32 /* v002.RuttEtraMRTNormals.frag */,
				1BAEAC7E130BB3E300004F32 /* v002.RuttEtraMRTNormals.vert */,
				1BAEAC72130BB38000004F32 /* v002.RuttEtraMRTHQNormals.frag */,
				1BAEAC73130BB38000004F32 /* v002.RuttEtraMRTHQNormals.vert */,
			);
			name = Resources;
			sourceTree = "<group>";
		};
		08FB77AFFE84173DC02AAC07 /* Classes */ = {
			isa = PBXGroup;
			children = (
				1B83D81115B0FCF700390CFC /* v002 Utilities */,
				16BA95400A7EB2EB001E4983 /* v002RuttEtraPlugIn.h */,
				16BA95410A7EB2EB001E4983 /* v002RuttEtraPlugIn.m */,
			);
			name = Classes;
			sourceTree = "<group>";
		};
		19C28FB8FE9D52D311CA2CBB /* Products */ = {
			isa = PBXGroup;
			children = (
				8D5B49B6048680CD000E48DA /* v002 Rutt Etra.plugin */,
			);
			name = Products;
			sourceTree = "<group>";
		};
		1B83D81115B0FCF700390CFC /* v002 Utilities */ = {
			isa = PBXGroup;
			children = (
				1B83D81215B0FCF700390CFC /* icon.icns */,
				1B83D81315B0FCF700390CFC /* README.md */,
				1B83D81415B0FCF700390CFC /* v002FBO.h */,
				1B83D81515B0FCF700390CFC /* v002FBO.m */,
				1B83D81615B0FCF700390CFC /* v002MasterPluginInterface.h */,
				1B83D81715B0FCF700390CFC /* v002MasterPluginInterface.m */,
				1B83D81815B0FCF700390CFC /* v002Shader.h */,
				1B83D81915B0FCF700390CFC /* v002Shader.m */,
				1B83D81A15B0FCF700390CFC /* v002UniqueClassNames.h */,
			);
			path = "v002 Utilities";
			sourceTree = "<group>";
		};
		32C88E010371C26100C91783 /* Other Sources */ = {
			isa = PBXGroup;
			children = (
				16AA5C440A7EEE7300888E31 /* v002 Rutt Etra_Prefix.pch */,
			);
			name = "Other Sources";
			sourceTree = "<group>";
		};
/* End PBXGroup section */

/* Begin PBXNativeTarget section */
		8D5B49AC048680CD000E48DA /* v002 Rutt Etra */ = {
			isa = PBXNativeTarget;
			buildConfigurationList = 1DEB913A08733D840010E9CD /* Build configuration list for PBXNativeTarget "v002 Rutt Etra" */;
			buildPhases = (
				8D5B49B1048680CD000E48DA /* Sources */,
				8D5B49B3048680CD000E48DA /* Frameworks */,
				1B9B1BC6130B613B003F103F /* CopyFiles */,
				1B83D81F15B22F8900390CFC /* Resources */,
				1BF48ACC15D0A85A000706EE /* ShellScript */,
			);
			buildRules = (
			);
			dependencies = (
			);
			name = "v002 Rutt Etra";
			productInstallPath = "$(HOME)/Library/Bundles";
			productName = "Quartz Composer Plug In";
			productReference = 8D5B49B6048680CD000E48DA /* v002 Rutt Etra.plugin */;
			productType = "com.apple.product-type.bundle";
		};
/* End PBXNativeTarget section */

/* Begin PBXProject section */
		089C1669FE841209C02AAC07 /* Project object */ = {
			isa = PBXProject;
			attributes = {
				LastUpgradeCheck = 0450;
			};
			buildConfigurationList = 1DEB913E08733D840010E9CD /* Build configuration list for PBXProject "v002 Rutt Etra" */;
			compatibilityVersion = "Xcode 3.2";
			developmentRegion = English;
			hasScannedForEncodings = 1;
			knownRegions = (
				English,
				Japanese,
				French,
				German,
			);
			mainGroup = 089C166AFE841209C02AAC07 /* Quartz Composer Plug In */;
			projectDirPath = "";
			projectRoot = "";
			targets = (
				8D5B49AC048680CD000E48DA /* v002 Rutt Etra */,
			);
		};
/* End PBXProject section */

/* Begin PBXResourcesBuildPhase section */
		1B83D81F15B22F8900390CFC /* Resources */ = {
			isa = PBXResourcesBuildPhase;
			buildActionMask = 2147483647;
			files = (
				1B83D82015B22F9800390CFC /* icon.icns in Resources */,
			);
			runOnlyForDeploymentPostprocessing = 0;
		};
/* End PBXResourcesBuildPhase section */

/* Begin PBXShellScriptBuildPhase section */
		1BF48ACC15D0A85A000706EE /* ShellScript */ = {
			isa = PBXShellScriptBuildPhase;
			buildActionMask = 2147483647;
			files = (
			);
			inputPaths = (
			);
			outputPaths = (
			);
			runOnlyForDeploymentPostprocessing = 0;
			shellPath = /bin/sh;
			shellScript = "# This shell script simply copies the built plug-in to \"~/Library/Graphics/Quartz Composer Plug-Ins\" and overrides any previous version at that location\n\nmkdir -p \"$USER_LIBRARY_DIR/Graphics/Quartz Composer Plug-Ins\"\nrm -rf \"$USER_LIBRARY_DIR/Graphics/Quartz Composer Plug-Ins/v002 Rutt Etra.plugin\"\ncp -rf \"$BUILT_PRODUCTS_DIR/v002 Rutt Etra.plugin\" \"$USER_LIBRARY_DIR/Graphics/Quartz Composer Plug-Ins/\"\n";
		};
/* End PBXShellScriptBuildPhase section */

/* Begin PBXSourcesBuildPhase section */
		8D5B49B1048680CD000E48DA /* Sources */ = {
			isa = PBXSourcesBuildPhase;
			buildActionMask = 2147483647;
			files = (
				16BA95420A7EB2EB001E4983 /* v002RuttEtraPlugIn.m in Sources */,
				1B83D81B15B0FCF700390CFC /* v002FBO.m in Sources */,
				1B83D81C15B0FCF700390CFC /* v002MasterPluginInterface.m in Sources */,
				1B83D81D15B0FCF700390CFC /* v002Shader.m in Sources */,
			);
			runOnlyForDeploymentPostprocessing = 0;
		};
/* End PBXSourcesBuildPhase section */

/* Begin XCBuildConfiguration section */
		1DEB913B08733D840010E9CD /* Debug */ = {
			isa = XCBuildConfiguration;
			buildSettings = {
				COMBINE_HIDPI_IMAGES = YES;
				COPY_PHASE_STRIP = NO;
				GCC_DYNAMIC_NO_PIC = NO;
				GCC_ENABLE_OBJC_GC = supported;
				GCC_MODEL_TUNING = G5;
				GCC_OPTIMIZATION_LEVEL = 0;
				GCC_PRECOMPILE_PREFIX_HEADER = YES;
				GCC_PREFIX_HEADER = "v002 Rutt Etra_Prefix.pch";
				INFOPLIST_FILE = Info.plist;
				INSTALL_PATH = "$(HOME)/Library/Graphics/Quartz Composer Plug-Ins";
				MACOSX_DEPLOYMENT_TARGET = 10.6;
				PRODUCT_NAME = "v002 Rutt Etra";
				WRAPPER_EXTENSION = plugin;
				ZERO_LINK = YES;
			};
			name = Debug;
		};
		1DEB913C08733D840010E9CD /* Release */ = {
			isa = XCBuildConfiguration;
			buildSettings = {
				COMBINE_HIDPI_IMAGES = YES;
				DEBUG_INFORMATION_FORMAT = "dwarf-with-dsym";
				GCC_ENABLE_OBJC_GC = supported;
				GCC_MODEL_TUNING = G5;
				GCC_PRECOMPILE_PREFIX_HEADER = YES;
				GCC_PREFIX_HEADER = "v002 Rutt Etra_Prefix.pch";
				INFOPLIST_FILE = Info.plist;
				INSTALL_PATH = "$(HOME)/Library/Graphics/Quartz Composer Plug-Ins";
				MACOSX_DEPLOYMENT_TARGET = 10.6;
				PRODUCT_NAME = "v002 Rutt Etra";
				WRAPPER_EXTENSION = plugin;
			};
			name = Release;
		};
		1DEB913F08733D840010E9CD /* Debug */ = {
			isa = XCBuildConfiguration;
			buildSettings = {
				ARCHS = "$(ARCHS_STANDARD_32_64_BIT)";
				GCC_C_LANGUAGE_STANDARD = gnu99;
				GCC_WARN_ABOUT_RETURN_TYPE = YES;
				GCC_WARN_UNUSED_VARIABLE = YES;
				ONLY_ACTIVE_ARCH = YES;
				SDKROOT = macosx;
			};
			name = Debug;
		};
		1DEB914008733D840010E9CD /* Release */ = {
			isa = XCBuildConfiguration;
			buildSettings = {
				ARCHS = "$(ARCHS_STANDARD_32_64_BIT)";
				GCC_C_LANGUAGE_STANDARD = gnu99;
				GCC_WARN_ABOUT_RETURN_TYPE = YES;
				GCC_WARN_UNUSED_VARIABLE = YES;
				SDKROOT = macosx;
			};
			name = Release;
		};
/* End XCBuildConfiguration section */

/* Begin XCConfigurationList section */
		1DEB913A08733D840010E9CD /* Build configuration list for PBXNativeTarget "v002 Rutt Etra" */ = {
			isa = XCConfigurationList;
			buildConfigurations = (
				1DEB913B08733D840010E9CD /* Debug */,
				1DEB913C08733D840010E9CD /* Release */,
			);
			defaultConfigurationIsVisible = 0;
			defaultConfigurationName = Release;
		};
		1DEB913E08733D840010E9CD /* Build configuration list for PBXProject "v002 Rutt Etra" */ = {
			isa = XCConfigurationList;
			buildConfigurations = (
				1DEB913F08733D840010E9CD /* Debug */,
				1DEB914008733D840010E9CD /* Release */,
			);
			defaultConfigurationIsVisible = 0;
			defaultConfigurationName = Release;
		};
/* End XCConfigurationList section */
	};
	rootObject = 089C1669FE841209C02AAC07 /* Project object */;
}
